
Microsoft Visual Studio Solution File, Format Version 12.00
# Visual Studio Version 17
VisualStudioVersion = 17.3.32929.385
MinimumVisualStudioVersion = 10.0.40219.1
Project("{FAE04EC0-301F-11D3-BF4B-00C04F79EFBC}") = "Filer2", "Filer2.csproj", "{DCDD62E2-F9AF-497F-BB00-60D049FB7BBF}"
EndProject
Global
	GlobalSection(SolutionConfigurationPlatforms) = preSolution
		Debug|Any CPU = Debug|Any CPU
		Release|Any CPU = Release|Any CPU
	EndGlobalSection
	GlobalSection(ProjectConfigurationPlatforms) = postSolution
		{DCDD62E2-F9AF-497F-BB00-60D049FB7BBF}.Debug|Any CPU.ActiveCfg = Debug|Any CPU
		{DCDD62E2-F9AF-497F-BB00-60D049FB7BBF}.Debug|Any CPU.Build.0 = Debug|Any CPU
		{DCDD62E2-F9AF-497F-BB00-60D049FB7BBF}.Release|Any CPU.ActiveCfg = Release|Any CPU
		{DCDD62E2-F9AF-497F-BB00-60D049FB7BBF}.Release|Any CPU.Build.0 = Release|Any CPU
	EndGlobalSection
	GlobalSection(SolutionProperties) = preSolution
		HideSolutionNode = FALSE
	EndGlobalSection
	GlobalSection(ExtensibilityGlobals) = postSolution
		SolutionGuid = {6E67B501-C5CF-431A-9EC9-7DBD346E160F}
	EndGlobalSection
EndGlobal
